
Microsoft Visual Studio Solution File, Format Version 12.00
# Visual Studio Version 17
VisualStudioVersion = 17.11.35222.181
MinimumVisualStudioVersion = 10.0.40219.1
Project("{9A19103F-16F7-4668-BE54-9A1E7A4F7556}") = "Arrays1", "Arrays\Arrays1.csproj", "{296C9C2F-FF76-4ABD-9868-141827534172}"
EndProject
Project("{FAE04EC0-301F-11D3-BF4B-00C04F79EFBC}") = "Arrays2", "Arrays2\Arrays2.csproj", "{1F4ABF20-DCFC-4CF5-9B46-65963A3BDC16}"
EndProject
Project("{FAE04EC0-301F-11D3-BF4B-00C04F79EFBC}") = "Arrays3", "Arrays3\Arrays3.csproj", "{51ECFF53-5AE9-47CD-AB97-A08A598B4377}"
EndProject
Global
	GlobalSection(SolutionConfigurationPlatforms) = preSolution
		Debug|Any CPU = Debug|Any CPU
		Release|Any CPU = Release|Any CPU
	EndGlobalSection
	GlobalSection(ProjectConfigurationPlatforms) = postSolution
		{296C9C2F-FF76-4ABD-9868-141827534172}.Debug|Any CPU.ActiveCfg = Debug|Any CPU
		{296C9C2F-FF76-4ABD-9868-141827534172}.Debug|Any CPU.Build.0 = Debug|Any CPU
		{296C9C2F-FF76-4ABD-9868-141827534172}.Release|Any CPU.ActiveCfg = Release|Any CPU
		{296C9C2F-FF76-4ABD-9868-141827534172}.Release|Any CPU.Build.0 = Release|Any CPU
		{1F4ABF20-DCFC-4CF5-9B46-65963A3BDC16}.Debug|Any CPU.ActiveCfg = Debug|Any CPU
		{1F4ABF20-DCFC-4CF5-9B46-65963A3BDC16}.Debug|Any CPU.Build.0 = Debug|Any CPU
		{1F4ABF20-DCFC-4CF5-9B46-65963A3BDC16}.Release|Any CPU.ActiveCfg = Release|Any CPU
		{1F4ABF20-DCFC-4CF5-9B46-65963A3BDC16}.Release|Any CPU.Build.0 = Release|Any CPU
		{51ECFF53-5AE9-47CD-AB97-A08A598B4377}.Debug|Any CPU.ActiveCfg = Debug|Any CPU
		{51ECFF53-5AE9-47CD-AB97-A08A598B4377}.Debug|Any CPU.Build.0 = Debug|Any CPU
		{51ECFF53-5AE9-47CD-AB97-A08A598B4377}.Release|Any CPU.ActiveCfg = Release|Any CPU
		{51ECFF53-5AE9-47CD-AB97-A08A598B4377}.Release|Any CPU.Build.0 = Release|Any CPU
	EndGlobalSection
	GlobalSection(SolutionProperties) = preSolution
		HideSolutionNode = FALSE
	EndGlobalSection
	GlobalSection(ExtensibilityGlobals) = postSolution
		SolutionGuid = {D15EB2FD-0374-48EC-95BB-9626B49EE483}
	EndGlobalSection
EndGlobal
